Microsoft Visual Studio Solution File, Format Version 11.00
# Visual Studio 2015
Project("{349475FA-EB8E-E246-9C34-1B106BE4FFC9}") = "Grafia", "Grafia.vcxproj", "{E9368254-94AB-8570-3FE0-E2D3BF83EA7D}"
EndProject
Global
	GlobalSection(SolutionConfigurationPlatforms) = preSolution
		Debug|Win32 = Debug|Win32
		Release|Win32 = Release|Win32
	EndGlobalSection
	GlobalSection(ProjectConfigurationPlatforms) = postSolution
		{E9368254-94AB-8570-3FE0-E2D3BF83EA7D}.Debug|Win32.ActiveCfg = Debug|Win32
		{E9368254-94AB-8570-3FE0-E2D3BF83EA7D}.Debug|Win32.Build.0 = Debug|Win32
		{E9368254-94AB-8570-3FE0-E2D3BF83EA7D}.Release|Win32.ActiveCfg = Release|Win32
		{E9368254-94AB-8570-3FE0-E2D3BF83EA7D}.Release|Win32.Build.0 = Release|Win32
	EndGlobalSection
	GlobalSection(SolutionProperties) = preSolution
		HideSolutionNode = FALSE
	EndGlobalSection
EndGlobal
