Microsoft Visual Studio Solution File, Format Version 12.00
# Visual Studio 14
VisualStudioVersion = 14.0.25420.1
MinimumVisualStudioVersion = 10.0.40219.1
Project("{8BC9CEB8-8B4A-11D0-8D11-00A0C91BC942}") = "Grafia_App", "Grafia_App.vcxproj", "{DB245620-6577-E4D6-6BA1-1975A5054DC5}"
EndProject
Project("{54435603-DBB4-11D2-8724-00A0C9A8B90C}") = "GrafiaSetup", "GrafiaSetup\GrafiaSetup.vdproj", "{28E3BCB0-50AE-4D25-9A2B-AEBC1DB8C096}"
EndProject
Global
	GlobalSection(SolutionConfigurationPlatforms) = preSolution
		Debug|Win32 = Debug|Win32
		Release|Win32 = Release|Win32
	EndGlobalSection
	GlobalSection(ProjectConfigurationPlatforms) = postSolution
		{DB245620-6577-E4D6-6BA1-1975A5054DC5}.Debug|Win32.ActiveCfg = Debug|Win32
		{DB245620-6577-E4D6-6BA1-1975A5054DC5}.Debug|Win32.Build.0 = Debug|Win32
		{DB245620-6577-E4D6-6BA1-1975A5054DC5}.Release|Win32.ActiveCfg = Release|Win32
		{DB245620-6577-E4D6-6BA1-1975A5054DC5}.Release|Win32.Build.0 = Release|Win32
		{28E3BCB0-50AE-4D25-9A2B-AEBC1DB8C096}.Debug|Win32.ActiveCfg = Debug
		{28E3BCB0-50AE-4D25-9A2B-AEBC1DB8C096}.Release|Win32.ActiveCfg = Release
	EndGlobalSection
	GlobalSection(SolutionProperties) = preSolution
		HideSolutionNode = FALSE
	EndGlobalSection
EndGlobal
